
Microsoft Visual Studio Solution File, Format Version 12.00
# Visual Studio Version 17
VisualStudioVersion = 17.6.33829.357
MinimumVisualStudioVersion = 10.0.40219.1
Project("{FAE04EC0-301F-11D3-BF4B-00C04F79EFBC}") = "CategoryAPI", "CategoryAPI\CategoryAPI.csproj", "{2C5B33C4-04CC-434C-A3B9-22F3A97E1AFB}"
EndProject
Global
	GlobalSection(SolutionConfigurationPlatforms) = preSolution
		Debug|Any CPU = Debug|Any CPU
		Release|Any CPU = Release|Any CPU
	EndGlobalSection
	GlobalSection(ProjectConfigurationPlatforms) = postSolution
		{2C5B33C4-04CC-434C-A3B9-22F3A97E1AFB}.Debug|Any CPU.ActiveCfg = Debug|Any CPU
		{2C5B33C4-04CC-434C-A3B9-22F3A97E1AFB}.Debug|Any CPU.Build.0 = Debug|Any CPU
		{2C5B33C4-04CC-434C-A3B9-22F3A97E1AFB}.Release|Any CPU.ActiveCfg = Release|Any CPU
		{2C5B33C4-04CC-434C-A3B9-22F3A97E1AFB}.Release|Any CPU.Build.0 = Release|Any CPU
	EndGlobalSection
	GlobalSection(SolutionProperties) = preSolution
		HideSolutionNode = FALSE
	EndGlobalSection
	GlobalSection(ExtensibilityGlobals) = postSolution
		SolutionGuid = {F4421A61-0F1F-414C-BBFD-22B017CB4B5A}
	EndGlobalSection
EndGlobal
